// !$*UTF8*$!
{
	archiveVersion = 1;
	classes = {
	};
	objectVersion = 50;
	objects = {

/* Begin PBXBuildFile section */
		133E622B246B0C5B00148588 /* GuestCellTableViewCell.swift in Sources */ = {isa = PBXBuildFile; fileRef = 133E622A246B0C5B00148588 /* GuestCellTableViewCell.swift */; };
		13791CC02466F82A0031C45E /* AppDelegate.swift in Sources */ = {isa = PBXBuildFile; fileRef = 13791CBF2466F82A0031C45E /* AppDelegate.swift */; };
		13791CC22466F82A0031C45E /* SceneDelegate.swift in Sources */ = {isa = PBXBuildFile; fileRef = 13791CC12466F82A0031C45E /* SceneDelegate.swift */; };
		13791CC92466F82A0031C45E /* Assets.xcassets in Resources */ = {isa = PBXBuildFile; fileRef = 13791CC82466F82A0031C45E /* Assets.xcassets */; };
		13791CCC2466F82A0031C45E /* LaunchScreen.storyboard in Resources */ = {isa = PBXBuildFile; fileRef = 13791CCA2466F82A0031C45E /* LaunchScreen.storyboard */; };
		13791CD42466F87F0031C45E /* Guest.swift in Sources */ = {isa = PBXBuildFile; fileRef = 13791CD32466F87F0031C45E /* Guest.swift */; };
		13791CD62466F8AC0031C45E /* Main.storyboard in Resources */ = {isa = PBXBuildFile; fileRef = 13791CD52466F8AC0031C45E /* Main.storyboard */; };
		13791CD82466F8E60031C45E /* BrowserTableViewController.swift in Sources */ = {isa = PBXBuildFile; fileRef = 13791CD72466F8E60031C45E /* BrowserTableViewController.swift */; };
		13791CDA2466F90C0031C45E /* AddTableViewController.swift in Sources */ = {isa = PBXBuildFile; fileRef = 13791CD92466F90C0031C45E /* AddTableViewController.swift */; };
		137B1A3B2467E4E8006A3381 /* AddRoomSelectionTableViewController.swift in Sources */ = {isa = PBXBuildFile; fileRef = 137B1A3A2467E4E8006A3381 /* AddRoomSelectionTableViewController.swift */; };
		137B1A3D24683EF3006A3381 /* DetailTableViewController.swift in Sources */ = {isa = PBXBuildFile; fileRef = 137B1A3C24683EF3006A3381 /* DetailTableViewController.swift */; };
		13832505246D03E300B0A954 /* EditTableViewController.swift in Sources */ = {isa = PBXBuildFile; fileRef = 13832504246D03E300B0A954 /* EditTableViewController.swift */; };
		13832508246D046400B0A954 /* EditRoomSelectionTableViewController.swift in Sources */ = {isa = PBXBuildFile; fileRef = 13832507246D046400B0A954 /* EditRoomSelectionTableViewController.swift */; };
/* End PBXBuildFile section */

/* Begin PBXFileReference section */
		133E622A246B0C5B00148588 /* GuestCellTableViewCell.swift */ = {isa = PBXFileReference; lastKnownFileType = sourcecode.swift; path = GuestCellTableViewCell.swift; sourceTree = "<group>"; };
		13791CBC2466F82A0031C45E /* My Project.app */ = {isa = PBXFileReference; explicitFileType = wrapper.application; includeInIndex = 0; path = "My Project.app"; sourceTree = BUILT_PRODUCTS_DIR; };
		13791CBF2466F82A0031C45E /* AppDelegate.swift */ = {isa = PBXFileReference; lastKnownFileType = sourcecode.swift; path = AppDelegate.swift; sourceTree = "<group>"; };
		13791CC12466F82A0031C45E /* SceneDelegate.swift */ = {isa = PBXFileReference; lastKnownFileType = sourcecode.swift; path = SceneDelegate.swift; sourceTree = "<group>"; };
		13791CC82466F82A0031C45E /* Assets.xcassets */ = {isa = PBXFileReference; lastKnownFileType = folder.assetcatalog; path = Assets.xcassets; sourceTree = "<group>"; };
		13791CCB2466F82A0031C45E /* Base */ = {isa = PBXFileReference; lastKnownFileType = file.storyboard; name = Base; path = Base.lproj/LaunchScreen.storyboard; sourceTree = "<group>"; };
		13791CCD2466F82A0031C45E /* Info.plist */ = {isa = PBXFileReference; lastKnownFileType = text.plist.xml; path = Info.plist; sourceTree = "<group>"; };
		13791CD32466F87F0031C45E /* Guest.swift */ = {isa = PBXFileReference; lastKnownFileType = sourcecode.swift; path = Guest.swift; sourceTree = "<group>"; };
		13791CD52466F8AC0031C45E /* Main.storyboard */ = {isa = PBXFileReference; lastKnownFileType = file.storyboard; path = Main.storyboard; sourceTree = "<group>"; };
		13791CD72466F8E60031C45E /* BrowserTableViewController.swift */ = {isa = PBXFileReference; lastKnownFileType = sourcecode.swift; path = BrowserTableViewController.swift; sourceTree = "<group>"; };
		13791CD92466F90C0031C45E /* AddTableViewController.swift */ = {isa = PBXFileReference; lastKnownFileType = sourcecode.swift; path = AddTableViewController.swift; sourceTree = "<group>"; };
		137B1A3A2467E4E8006A3381 /* AddRoomSelectionTableViewController.swift */ = {isa = PBXFileReference; lastKnownFileType = sourcecode.swift; path = AddRoomSelectionTableViewController.swift; sourceTree = "<group>"; };
		137B1A3C24683EF3006A3381 /* DetailTableViewController.swift */ = {isa = PBXFileReference; lastKnownFileType = sourcecode.swift; path = DetailTableViewController.swift; sourceTree = "<group>"; };
		13832504246D03E300B0A954 /* EditTableViewController.swift */ = {isa = PBXFileReference; lastKnownFileType = sourcecode.swift; path = EditTableViewController.swift; sourceTree = "<group>"; };
		13832507246D046400B0A954 /* EditRoomSelectionTableViewController.swift */ = {isa = PBXFileReference; lastKnownFileType = sourcecode.swift; path = EditRoomSelectionTableViewController.swift; sourceTree = "<group>"; };
/* End PBXFileReference section */

/* Begin PBXFrameworksBuildPhase section */
		13791CB92466F82A0031C45E /* Frameworks */ = {
			isa = PBXFrameworksBuildPhase;
			buildActionMask = 2147483647;
			files = (
			);
			runOnlyForDeploymentPostprocessing = 0;
		};
/* End PBXFrameworksBuildPhase section */

/* Begin PBXGroup section */
		13791CB32466F82A0031C45E = {
			isa = PBXGroup;
			children = (
				13791CBE2466F82A0031C45E /* My Project */,
				13791CBD2466F82A0031C45E /* Products */,
			);
			sourceTree = "<group>";
		};
		13791CBD2466F82A0031C45E /* Products */ = {
			isa = PBXGroup;
			children = (
				13791CBC2466F82A0031C45E /* My Project.app */,
			);
			name = Products;
			sourceTree = "<group>";
		};
		13791CBE2466F82A0031C45E /* My Project */ = {
			isa = PBXGroup;
			children = (
				13791CD32466F87F0031C45E /* Guest.swift */,
				13791CBF2466F82A0031C45E /* AppDelegate.swift */,
				13791CC12466F82A0031C45E /* SceneDelegate.swift */,
				13791CD72466F8E60031C45E /* BrowserTableViewController.swift */,
				133E622A246B0C5B00148588 /* GuestCellTableViewCell.swift */,
				137B1A3C24683EF3006A3381 /* DetailTableViewController.swift */,
				13832509246D046A00B0A954 /* Editing */,
				13832506246D043200B0A954 /* Adding */,
				13791CD52466F8AC0031C45E /* Main.storyboard */,
				13791CCA2466F82A0031C45E /* LaunchScreen.storyboard */,
				13791CC82466F82A0031C45E /* Assets.xcassets */,
				13791CCD2466F82A0031C45E /* Info.plist */,
			);
			path = "My Project";
			sourceTree = "<group>";
		};
		13832506246D043200B0A954 /* Adding */ = {
			isa = PBXGroup;
			children = (
				13791CD92466F90C0031C45E /* AddTableViewController.swift */,
				137B1A3A2467E4E8006A3381 /* AddRoomSelectionTableViewController.swift */,
			);
			path = Adding;
			sourceTree = "<group>";
		};
		13832509246D046A00B0A954 /* Editing */ = {
			isa = PBXGroup;
			children = (
				13832504246D03E300B0A954 /* EditTableViewController.swift */,
				13832507246D046400B0A954 /* EditRoomSelectionTableViewController.swift */,
			);
			path = Editing;
			sourceTree = "<group>";
		};
/* End PBXGroup section */

/* Begin PBXNativeTarget section */
		13791CBB2466F82A0031C45E /* My Project */ = {
			isa = PBXNativeTarget;
			buildConfigurationList = 13791CD02466F82A0031C45E /* Build configuration list for PBXNativeTarget "My Project" */;
			buildPhases = (
				297A13EFC00D422648392024 /* [CP] Check Pods Manifest.lock */,
				13791CB82466F82A0031C45E /* Sources */,
				13791CB92466F82A0031C45E /* Frameworks */,
				13791CBA2466F82A0031C45E /* Resources */,
			);
			buildRules = (
			);
			dependencies = (
			);
			name = "My Project";
			productName = "My Project";
			productReference = 13791CBC2466F82A0031C45E /* My Project.app */;
			productType = "com.apple.product-type.application";
		};
/* End PBXNativeTarget section */

/* Begin PBXProject section */
		13791CB42466F82A0031C45E /* Project object */ = {
			isa = PBXProject;
			attributes = {
				LastSwiftUpdateCheck = 1140;
				LastUpgradeCheck = 1140;
				ORGANIZATIONNAME = "Mike Wu";
				TargetAttributes = {
					13791CBB2466F82A0031C45E = {
						CreatedOnToolsVersion = 11.4.1;
					};
				};
			};
			buildConfigurationList = 13791CB72466F82A0031C45E /* Build configuration list for PBXProject "My Project" */;
			compatibilityVersion = "Xcode 9.3";
			developmentRegion = en;
			hasScannedForEncodings = 0;
			knownRegions = (
				en,
				Base,
			);
			mainGroup = 13791CB32466F82A0031C45E;
			productRefGroup = 13791CBD2466F82A0031C45E /* Products */;
			projectDirPath = "";
			projectRoot = "";
			targets = (
				13791CBB2466F82A0031C45E /* My Project */,
			);
		};
/* End PBXProject section */

/* Begin PBXResourcesBuildPhase section */
		13791CBA2466F82A0031C45E /* Resources */ = {
			isa = PBXResourcesBuildPhase;
			buildActionMask = 2147483647;
			files = (
				13791CD62466F8AC0031C45E /* Main.storyboard in Resources */,
				13791CCC2466F82A0031C45E /* LaunchScreen.storyboard in Resources */,
				13791CC92466F82A0031C45E /* Assets.xcassets in Resources */,
			);
			runOnlyForDeploymentPostprocessing = 0;
		};
/* End PBXResourcesBuildPhase section */

/* Begin PBXShellScriptBuildPhase section */
		297A13EFC00D422648392024 /* [CP] Check Pods Manifest.lock */ = {
			isa = PBXShellScriptBuildPhase;
			buildActionMask = 2147483647;
			files = (
			);
			inputFileListPaths = (
			);
			inputPaths = (
				"${PODS_PODFILE_DIR_PATH}/Podfile.lock",
				"${PODS_ROOT}/Manifest.lock",
			);
			name = "[CP] Check Pods Manifest.lock";
			outputFileListPaths = (
			);
			outputPaths = (
				"$(DERIVED_FILE_DIR)/Pods-My Project-checkManifestLockResult.txt",
			);
			runOnlyForDeploymentPostprocessing = 0;
			shellPath = /bin/sh;
			shellScript = "diff \"${PODS_PODFILE_DIR_PATH}/Podfile.lock\" \"${PODS_ROOT}/Manifest.lock\" > /dev/null\nif [ $? != 0 ] ; then\n    # print error to STDERR\n    echo \"error: The sandbox is not in sync with the Podfile.lock. Run 'pod install' or update your CocoaPods installation.\" >&2\n    exit 1\nfi\n# This output is used by Xcode 'outputs' to avoid re-running this script phase.\necho \"SUCCESS\" > \"${SCRIPT_OUTPUT_FILE_0}\"\n";
			showEnvVarsInLog = 0;
		};
/* End PBXShellScriptBuildPhase section */

/* Begin PBXSourcesBuildPhase section */
		13791CB82466F82A0031C45E /* Sources */ = {
			isa = PBXSourcesBuildPhase;
			buildActionMask = 2147483647;
			files = (
				137B1A3D24683EF3006A3381 /* DetailTableViewController.swift in Sources */,
				13832505246D03E300B0A954 /* EditTableViewController.swift in Sources */,
				13791CDA2466F90C0031C45E /* AddTableViewController.swift in Sources */,
				13832508246D046400B0A954 /* EditRoomSelectionTableViewController.swift in Sources */,
				133E622B246B0C5B00148588 /* GuestCellTableViewCell.swift in Sources */,
				13791CD82466F8E60031C45E /* BrowserTableViewController.swift in Sources */,
				13791CC02466F82A0031C45E /* AppDelegate.swift in Sources */,
				137B1A3B2467E4E8006A3381 /* AddRoomSelectionTableViewController.swift in Sources */,
				13791CC22466F82A0031C45E /* SceneDelegate.swift in Sources */,
				13791CD42466F87F0031C45E /* Guest.swift in Sources */,
			);
			runOnlyForDeploymentPostprocessing = 0;
		};
/* End PBXSourcesBuildPhase section */

/* Begin PBXVariantGroup section */
		13791CCA2466F82A0031C45E /* LaunchScreen.storyboard */ = {
			isa = PBXVariantGroup;
			children = (
				13791CCB2466F82A0031C45E /* Base */,
			);
			name = LaunchScreen.storyboard;
			sourceTree = "<group>";
		};
/* End PBXVariantGroup section */

/* Begin XCBuildConfiguration section */
		13791CCE2466F82A0031C45E /* Debug */ = {
			isa = XCBuildConfiguration;
			buildSettings = {
				ALWAYS_SEARCH_USER_PATHS = NO;
				CLANG_ANALYZER_NONNULL = YES;
				CLANG_ANALYZER_NUMBER_OBJECT_CONVERSION = YES_AGGRESSIVE;
				CLANG_CXX_LANGUAGE_STANDARD = "gnu++14";
				CLANG_CXX_LIBRARY = "libc++";
				CLANG_ENABLE_MODULES = YES;
				CLANG_ENABLE_OBJC_ARC = YES;
				CLANG_ENABLE_OBJC_WEAK = YES;
				CLANG_WARN_BLOCK_CAPTURE_AUTORELEASING = YES;
				CLANG_WARN_BOOL_CONVERSION = YES;
				CLANG_WARN_COMMA = YES;
				CLANG_WARN_CONSTANT_CONVERSION = YES;
				CLANG_WARN_DEPRECATED_OBJC_IMPLEMENTATIONS = YES;
				CLANG_WARN_DIRECT_OBJC_ISA_USAGE = YES_ERROR;
				CLANG_WARN_DOCUMENTATION_COMMENTS = YES;
				CLANG_WARN_EMPTY_BODY = YES;
				CLANG_WARN_ENUM_CONVERSION = YES;
				CLANG_WARN_INFINITE_RECURSION = YES;
				CLANG_WARN_INT_CONVERSION = YES;
				CLANG_WARN_NON_LITERAL_NULL_CONVERSION = YES;
				CLANG_WARN_OBJC_IMPLICIT_RETAIN_SELF = YES;
				CLANG_WARN_OBJC_LITERAL_CONVERSION = YES;
				CLANG_WARN_OBJC_ROOT_CLASS = YES_ERROR;
				CLANG_WARN_RANGE_LOOP_ANALYSIS = YES;
				CLANG_WARN_STRICT_PROTOTYPES = YES;
				CLANG_WARN_SUSPICIOUS_MOVE = YES;
				CLANG_WARN_UNGUARDED_AVAILABILITY = YES_AGGRESSIVE;
				CLANG_WARN_UNREACHABLE_CODE = YES;
				CLANG_WARN__DUPLICATE_METHOD_MATCH = YES;
				COPY_PHASE_STRIP = NO;
				DEBUG_INFORMATION_FORMAT = dwarf;
				ENABLE_STRICT_OBJC_MSGSEND = YES;
				ENABLE_TESTABILITY = YES;
				GCC_C_LANGUAGE_STANDARD = gnu11;
				GCC_DYNAMIC_NO_PIC = NO;
				GCC_NO_COMMON_BLOCKS = YES;
				GCC_OPTIMIZATION_LEVEL = 0;
				GCC_PREPROCESSOR_DEFINITIONS = (
					"DEBUG=1",
					"$(inherited)",
				);
				GCC_WARN_64_TO_32_BIT_CONVERSION = YES;
				GCC_WARN_ABOUT_RETURN_TYPE = YES_ERROR;
				GCC_WARN_UNDECLARED_SELECTOR = YES;
				GCC_WARN_UNINITIALIZED_AUTOS = YES_AGGRESSIVE;
				GCC_WARN_UNUSED_FUNCTION = YES;
				GCC_WARN_UNUSED_VARIABLE = YES;
				IPHONEOS_DEPLOYMENT_TARGET = 13.4;
				MTL_ENABLE_DEBUG_INFO = INCLUDE_SOURCE;
				MTL_FAST_MATH = YES;
				ONLY_ACTIVE_ARCH = YES;
				SDKROOT = iphoneos;
				SWIFT_ACTIVE_COMPILATION_CONDITIONS = DEBUG;
				SWIFT_OPTIMIZATION_LEVEL = "-Onone";
			};
			name = Debug;
		};
		13791CCF2466F82A0031C45E /* Release */ = {
			isa = XCBuildConfiguration;
			buildSettings = {
				ALWAYS_SEARCH_USER_PATHS = NO;
				CLANG_ANALYZER_NONNULL = YES;
				CLANG_ANALYZER_NUMBER_OBJECT_CONVERSION = YES_AGGRESSIVE;
				CLANG_CXX_LANGUAGE_STANDARD = "gnu++14";
				CLANG_CXX_LIBRARY = "libc++";
				CLANG_ENABLE_MODULES = YES;
				CLANG_ENABLE_OBJC_ARC = YES;
				CLANG_ENABLE_OBJC_WEAK = YES;
				CLANG_WARN_BLOCK_CAPTURE_AUTORELEASING = YES;
				CLANG_WARN_BOOL_CONVERSION = YES;
				CLANG_WARN_COMMA = YES;
				CLANG_WARN_CONSTANT_CONVERSION = YES;
				CLANG_WARN_DEPRECATED_OBJC_IMPLEMENTATIONS = YES;
				CLANG_WARN_DIRECT_OBJC_ISA_USAGE = YES_ERROR;
				CLANG_WARN_DOCUMENTATION_COMMENTS = YES;
				CLANG_WARN_EMPTY_BODY = YES;
				CLANG_WARN_ENUM_CONVERSION = YES;
				CLANG_WARN_INFINITE_RECURSION = YES;
				CLANG_WARN_INT_CONVERSION = YES;
				CLANG_WARN_NON_LITERAL_NULL_CONVERSION = YES;
				CLANG_WARN_OBJC_IMPLICIT_RETAIN_SELF = YES;
				CLANG_WARN_OBJC_LITERAL_CONVERSION = YES;
				CLANG_WARN_OBJC_ROOT_CLASS = YES_ERROR;
				CLANG_WARN_RANGE_LOOP_ANALYSIS = YES;
				CLANG_WARN_STRICT_PROTOTYPES = YES;
				CLANG_WARN_SUSPICIOUS_MOVE = YES;
				CLANG_WARN_UNGUARDED_AVAILABILITY = YES_AGGRESSIVE;
				CLANG_WARN_UNREACHABLE_CODE = YES;
				CLANG_WARN__DUPLICATE_METHOD_MATCH = YES;
				COPY_PHASE_STRIP = NO;
				DEBUG_INFORMATION_FORMAT = "dwarf-with-dsym";
				ENABLE_NS_ASSERTIONS = NO;
				ENABLE_STRICT_OBJC_MSGSEND = YES;
				GCC_C_LANGUAGE_STANDARD = gnu11;
				GCC_NO_COMMON_BLOCKS = YES;
				GCC_WARN_64_TO_32_BIT_CONVERSION = YES;
				GCC_WARN_ABOUT_RETURN_TYPE = YES_ERROR;
				GCC_WARN_UNDECLARED_SELECTOR = YES;
				GCC_WARN_UNINITIALIZED_AUTOS = YES_AGGRESSIVE;
				GCC_WARN_UNUSED_FUNCTION = YES;
				GCC_WARN_UNUSED_VARIABLE = YES;
				IPHONEOS_DEPLOYMENT_TARGET = 13.4;
				MTL_ENABLE_DEBUG_INFO = NO;
				MTL_FAST_MATH = YES;
				SDKROOT = iphoneos;
				SWIFT_COMPILATION_MODE = wholemodule;
				SWIFT_OPTIMIZATION_LEVEL = "-O";
				VALIDATE_PRODUCT = YES;
			};
			name = Release;
		};
		13791CD12466F82A0031C45E /* Debug */ = {
			isa = XCBuildConfiguration;
			buildSettings = {
				ASSETCATALOG_COMPILER_APPICON_NAME = AppIcon;
				CODE_SIGN_STYLE = Automatic;
				DEVELOPMENT_TEAM = 2TBNYM876W;
				INFOPLIST_FILE = "My Project/Info.plist";
				LD_RUNPATH_SEARCH_PATHS = (
					"$(inherited)",
					"@executable_path/Frameworks",
				);
				PRODUCT_BUNDLE_IDENTIFIER = "com.exampleangiemike0608.My-Project";
				PRODUCT_NAME = "$(TARGET_NAME)";
				SWIFT_VERSION = 5.0;
				TARGETED_DEVICE_FAMILY = "1,2";
			};
			name = Debug;
		};
		13791CD22466F82A0031C45E /* Release */ = {
			isa = XCBuildConfiguration;
			buildSettings = {
				ASSETCATALOG_COMPILER_APPICON_NAME = AppIcon;
				CODE_SIGN_STYLE = Automatic;
				DEVELOPMENT_TEAM = 2TBNYM876W;
				INFOPLIST_FILE = "My Project/Info.plist";
				LD_RUNPATH_SEARCH_PATHS = (
					"$(inherited)",
					"@executable_path/Frameworks",
				);
				PRODUCT_BUNDLE_IDENTIFIER = "com.exampleangiemike0608.My-Project";
				PRODUCT_NAME = "$(TARGET_NAME)";
				SWIFT_VERSION = 5.0;
				TARGETED_DEVICE_FAMILY = "1,2";
			};
			name = Release;
		};
/* End XCBuildConfiguration section */

/* Begin XCConfigurationList section */
		13791CB72466F82A0031C45E /* Build configuration list for PBXProject "My Project" */ = {
			isa = XCConfigurationList;
			buildConfigurations = (
				13791CCE2466F82A0031C45E /* Debug */,
				13791CCF2466F82A0031C45E /* Release */,
			);
			defaultConfigurationIsVisible = 0;
			defaultConfigurationName = Release;
		};
		13791CD02466F82A0031C45E /* Build configuration list for PBXNativeTarget "My Project" */ = {
			isa = XCConfigurationList;
			buildConfigurations = (
				13791CD12466F82A0031C45E /* Debug */,
				13791CD22466F82A0031C45E /* Release */,
			);
			defaultConfigurationIsVisible = 0;
			defaultConfigurationName = Release;
		};
/* End XCConfigurationList section */
	};
	rootObject = 13791CB42466F82A0031C45E /* Project object */;
}
